
Microsoft Visual Studio Solution File, Format Version 12.00
# Visual Studio Version 16
VisualStudioVersion = 16.0.29411.108
MinimumVisualStudioVersion = 10.0.40219.1
Project("{FAE04EC0-301F-11D3-BF4B-00C04F79EFBC}") = "07_venditeNegozio", "07_venditeNegozio\07_venditeNegozio.csproj", "{2B20D6AF-BA63-408B-BD1C-85ADC41328AD}"
EndProject
Global
	GlobalSection(SolutionConfigurationPlatforms) = preSolution
		Debug|Any CPU = Debug|Any CPU
		Release|Any CPU = Release|Any CPU
	EndGlobalSection
	GlobalSection(ProjectConfigurationPlatforms) = postSolution
		{2B20D6AF-BA63-408B-BD1C-85ADC41328AD}.Debug|Any CPU.ActiveCfg = Debug|Any CPU
		{2B20D6AF-BA63-408B-BD1C-85ADC41328AD}.Debug|Any CPU.Build.0 = Debug|Any CPU
		{2B20D6AF-BA63-408B-BD1C-85ADC41328AD}.Release|Any CPU.ActiveCfg = Release|Any CPU
		{2B20D6AF-BA63-408B-BD1C-85ADC41328AD}.Release|Any CPU.Build.0 = Release|Any CPU
	EndGlobalSection
	GlobalSection(SolutionProperties) = preSolution
		HideSolutionNode = FALSE
	EndGlobalSection
	GlobalSection(ExtensibilityGlobals) = postSolution
		SolutionGuid = {C6ECC862-A449-4F21-A699-AC1F4AAE536E}
	EndGlobalSection
EndGlobal
