
Microsoft Visual Studio Solution File, Format Version 12.00
# Visual Studio Version 16
VisualStudioVersion = 16.0.30611.23
MinimumVisualStudioVersion = 10.0.40219.1
Project("{F184B08F-C81C-45F6-A57F-5ABD9991F28F}") = "04_Sql_Musei", "04_Sql_Musei\04_Sql_Musei.vbproj", "{56068525-B5C0-4823-B816-B23F2203367B}"
EndProject
Global
	GlobalSection(SolutionConfigurationPlatforms) = preSolution
		Debug|Any CPU = Debug|Any CPU
		Release|Any CPU = Release|Any CPU
	EndGlobalSection
	GlobalSection(ProjectConfigurationPlatforms) = postSolution
		{56068525-B5C0-4823-B816-B23F2203367B}.Debug|Any CPU.ActiveCfg = Debug|Any CPU
		{56068525-B5C0-4823-B816-B23F2203367B}.Debug|Any CPU.Build.0 = Debug|Any CPU
		{56068525-B5C0-4823-B816-B23F2203367B}.Release|Any CPU.ActiveCfg = Release|Any CPU
		{56068525-B5C0-4823-B816-B23F2203367B}.Release|Any CPU.Build.0 = Release|Any CPU
	EndGlobalSection
	GlobalSection(SolutionProperties) = preSolution
		HideSolutionNode = FALSE
	EndGlobalSection
	GlobalSection(ExtensibilityGlobals) = postSolution
		SolutionGuid = {ACBA1F96-B505-4534-B213-6959971672AB}
	EndGlobalSection
EndGlobal
