
Microsoft Visual Studio Solution File, Format Version 12.00
# Visual Studio Version 16
VisualStudioVersion = 16.0.32106.194
MinimumVisualStudioVersion = 10.0.40219.1
Project("{FAE04EC0-301F-11D3-BF4B-00C04F79EFBC}") = "08_trieggerEsercizio", "08_trieggerEsercizio\08_trieggerEsercizio.csproj", "{8FD6403D-B0CC-4128-A003-F6CA7BF6179A}"
EndProject
Global
	GlobalSection(SolutionConfigurationPlatforms) = preSolution
		Debug|Any CPU = Debug|Any CPU
		Release|Any CPU = Release|Any CPU
	EndGlobalSection
	GlobalSection(ProjectConfigurationPlatforms) = postSolution
		{8FD6403D-B0CC-4128-A003-F6CA7BF6179A}.Debug|Any CPU.ActiveCfg = Debug|Any CPU
		{8FD6403D-B0CC-4128-A003-F6CA7BF6179A}.Debug|Any CPU.Build.0 = Debug|Any CPU
		{8FD6403D-B0CC-4128-A003-F6CA7BF6179A}.Release|Any CPU.ActiveCfg = Release|Any CPU
		{8FD6403D-B0CC-4128-A003-F6CA7BF6179A}.Release|Any CPU.Build.0 = Release|Any CPU
	EndGlobalSection
	GlobalSection(SolutionProperties) = preSolution
		HideSolutionNode = FALSE
	EndGlobalSection
	GlobalSection(ExtensibilityGlobals) = postSolution
		SolutionGuid = {AA9F55F7-5158-40F0-87C7-E142E2384992}
	EndGlobalSection
EndGlobal
