
Microsoft Visual Studio Solution File, Format Version 12.00
# Visual Studio Version 16
VisualStudioVersion = 16.0.29411.108
MinimumVisualStudioVersion = 10.0.40219.1
Project("{FAE04EC0-301F-11D3-BF4B-00C04F79EFBC}") = "05_Sql_Auto", "05_Sql_Auto\05_Sql_Auto.csproj", "{9150F9D6-A32D-47D3-8BD6-A75B99636405}"
EndProject
Global
	GlobalSection(SolutionConfigurationPlatforms) = preSolution
		Debug|Any CPU = Debug|Any CPU
		Release|Any CPU = Release|Any CPU
	EndGlobalSection
	GlobalSection(ProjectConfigurationPlatforms) = postSolution
		{9150F9D6-A32D-47D3-8BD6-A75B99636405}.Debug|Any CPU.ActiveCfg = Debug|Any CPU
		{9150F9D6-A32D-47D3-8BD6-A75B99636405}.Debug|Any CPU.Build.0 = Debug|Any CPU
		{9150F9D6-A32D-47D3-8BD6-A75B99636405}.Release|Any CPU.ActiveCfg = Release|Any CPU
		{9150F9D6-A32D-47D3-8BD6-A75B99636405}.Release|Any CPU.Build.0 = Release|Any CPU
	EndGlobalSection
	GlobalSection(SolutionProperties) = preSolution
		HideSolutionNode = FALSE
	EndGlobalSection
	GlobalSection(ExtensibilityGlobals) = postSolution
		SolutionGuid = {147B7498-8F7C-4101-A518-BB198F6361F5}
	EndGlobalSection
EndGlobal
